
Microsoft Visual Studio Solution File, Format Version 12.00
# Visual Studio Version 17
VisualStudioVersion = 17.0.31903.59
MinimumVisualStudioVersion = 10.0.40219.1
Project("{2150E333-8FDC-42A3-9474-1A3956D46DE8}") = "src", "src", "{827E0CD3-B72D-47B6-A68D-7590B98EB39B}"
EndProject
Project("{FAE04EC0-301F-11D3-BF4B-00C04F79EFBC}") = "EfmlGen.Core", "src\EfmlGen.Core\EfmlGen.Core.csproj", "{DC323F7C-1BDE-4C26-BBE5-A0AD1914BF99}"
EndProject
Project("{FAE04EC0-301F-11D3-BF4B-00C04F79EFBC}") = "EfmlGen.Xml", "src\EfmlGen.Xml\EfmlGen.Xml.csproj", "{F4EFB666-B8D9-41E2-8286-3AA0059D393F}"
EndProject
Project("{FAE04EC0-301F-11D3-BF4B-00C04F79EFBC}") = "EfmlGen.Templates", "src\EfmlGen.Templates\EfmlGen.Templates.csproj", "{BF73D8E6-5BCD-4500-BF94-AC92B46DF1E1}"
EndProject
Project("{FAE04EC0-301F-11D3-BF4B-00C04F79EFBC}") = "EfmlGen.Cli", "src\EfmlGen.Cli\EfmlGen.Cli.csproj", "{9F1CB6C4-172C-43AF-BE1B-684A3DF70C62}"
EndProject
Project("{FAE04EC0-301F-11D3-BF4B-00C04F79EFBC}") = "EfmlGen.Tests", "tests\EfmlGen.Tests\EfmlGen.Tests.csproj", "{7DCF33D1-BC97-4911-9C65-CB792F610A5C}"
EndProject
Project("{FAE04EC0-301F-11D3-BF4B-00C04F79EFBC}") = "EfmlGen.Db", "src\EfmlGen.Db\EfmlGen.Db.csproj", "{7E373864-73F7-4CC7-AC3A-5515EFEEA662}"
EndProject
Project("{FAE04EC0-301F-11D3-BF4B-00C04F79EFBC}") = "EfmlGen.Wpf", "src\EfmlGen.Wpf\EfmlGen.Wpf.csproj", "{46D0DF7D-A8EE-478D-91BC-DD2FAD77C167}"
EndProject
Global
	GlobalSection(SolutionConfigurationPlatforms) = preSolution
		Debug|Any CPU = Debug|Any CPU
		Debug|x64 = Debug|x64
		Debug|x86 = Debug|x86
		Release|Any CPU = Release|Any CPU
		Release|x64 = Release|x64
		Release|x86 = Release|x86
	EndGlobalSection
	GlobalSection(ProjectConfigurationPlatforms) = postSolution
		{DC323F7C-1BDE-4C26-BBE5-A0AD1914BF99}.Debug|Any CPU.ActiveCfg = Debug|Any CPU
		{DC323F7C-1BDE-4C26-BBE5-A0AD1914BF99}.Debug|Any CPU.Build.0 = Debug|Any CPU
		{DC323F7C-1BDE-4C26-BBE5-A0AD1914BF99}.Debug|x64.ActiveCfg = Debug|Any CPU
		{DC323F7C-1BDE-4C26-BBE5-A0AD1914BF99}.Debug|x64.Build.0 = Debug|Any CPU
		{DC323F7C-1BDE-4C26-BBE5-A0AD1914BF99}.Debug|x86.ActiveCfg = Debug|Any CPU
		{DC323F7C-1BDE-4C26-BBE5-A0AD1914BF99}.Debug|x86.Build.0 = Debug|Any CPU
		{DC323F7C-1BDE-4C26-BBE5-A0AD1914BF99}.Release|Any CPU.ActiveCfg = Release|Any CPU
		{DC323F7C-1BDE-4C26-BBE5-A0AD1914BF99}.Release|Any CPU.Build.0 = Release|Any CPU
		{DC323F7C-1BDE-4C26-BBE5-A0AD1914BF99}.Release|x64.ActiveCfg = Release|Any CPU
		{DC323F7C-1BDE-4C26-BBE5-A0AD1914BF99}.Release|x64.Build.0 = Release|Any CPU
		{DC323F7C-1BDE-4C26-BBE5-A0AD1914BF99}.Release|x86.ActiveCfg = Release|Any CPU
		{DC323F7C-1BDE-4C26-BBE5-A0AD1914BF99}.Release|x86.Build.0 = Release|Any CPU
		{F4EFB666-B8D9-41E2-8286-3AA0059D393F}.Debug|Any CPU.ActiveCfg = Debug|Any CPU
		{F4EFB666-B8D9-41E2-8286-3AA0059D393F}.Debug|Any CPU.Build.0 = Debug|Any CPU
		{F4EFB666-B8D9-41E2-8286-3AA0059D393F}.Debug|x64.ActiveCfg = Debug|Any CPU
		{F4EFB666-B8D9-41E2-8286-3AA0059D393F}.Debug|x64.Build.0 = Debug|Any CPU
		{F4EFB666-B8D9-41E2-8286-3AA0059D393F}.Debug|x86.ActiveCfg = Debug|Any CPU
		{F4EFB666-B8D9-41E2-8286-3AA0059D393F}.Debug|x86.Build.0 = Debug|Any CPU
		{F4EFB666-B8D9-41E2-8286-3AA0059D393F}.Release|Any CPU.ActiveCfg = Release|Any CPU
		{F4EFB666-B8D9-41E2-8286-3AA0059D393F}.Release|Any CPU.Build.0 = Release|Any CPU
		{F4EFB666-B8D9-41E2-8286-3AA0059D393F}.Release|x64.ActiveCfg = Release|Any CPU
		{F4EFB666-B8D9-41E2-8286-3AA0059D393F}.Release|x64.Build.0 = Release|Any CPU
		{F4EFB666-B8D9-41E2-8286-3AA0059D393F}.Release|x86.ActiveCfg = Release|Any CPU
		{F4EFB666-B8D9-41E2-8286-3AA0059D393F}.Release|x86.Build.0 = Release|Any CPU
		{BF73D8E6-5BCD-4500-BF94-AC92B46DF1E1}.Debug|Any CPU.ActiveCfg = Debug|Any CPU
		{BF73D8E6-5BCD-4500-BF94-AC92B46DF1E1}.Debug|Any CPU.Build.0 = Debug|Any CPU
		{BF73D8E6-5BCD-4500-BF94-AC92B46DF1E1}.Debug|x64.ActiveCfg = Debug|Any CPU
		{BF73D8E6-5BCD-4500-BF94-AC92B46DF1E1}.Debug|x64.Build.0 = Debug|Any CPU
		{BF73D8E6-5BCD-4500-BF94-AC92B46DF1E1}.Debug|x86.ActiveCfg = Debug|Any CPU
		{BF73D8E6-5BCD-4500-BF94-AC92B46DF1E1}.Debug|x86.Build.0 = Debug|Any CPU
		{BF73D8E6-5BCD-4500-BF94-AC92B46DF1E1}.Release|Any CPU.ActiveCfg = Release|Any CPU
		{BF73D8E6-5BCD-4500-BF94-AC92B46DF1E1}.Release|Any CPU.Build.0 = Release|Any CPU
		{BF73D8E6-5BCD-4500-BF94-AC92B46DF1E1}.Release|x64.ActiveCfg = Release|Any CPU
		{BF73D8E6-5BCD-4500-BF94-AC92B46DF1E1}.Release|x64.Build.0 = Release|Any CPU
		{BF73D8E6-5BCD-4500-BF94-AC92B46DF1E1}.Release|x86.ActiveCfg = Release|Any CPU
		{BF73D8E6-5BCD-4500-BF94-AC92B46DF1E1}.Release|x86.Build.0 = Release|Any CPU
		{9F1CB6C4-172C-43AF-BE1B-684A3DF70C62}.Debug|Any CPU.ActiveCfg = Debug|Any CPU
		{9F1CB6C4-172C-43AF-BE1B-684A3DF70C62}.Debug|Any CPU.Build.0 = Debug|Any CPU
		{9F1CB6C4-172C-43AF-BE1B-684A3DF70C62}.Debug|x64.ActiveCfg = Debug|Any CPU
		{9F1CB6C4-172C-43AF-BE1B-684A3DF70C62}.Debug|x64.Build.0 = Debug|Any CPU
		{9F1CB6C4-172C-43AF-BE1B-684A3DF70C62}.Debug|x86.ActiveCfg = Debug|Any CPU
		{9F1CB6C4-172C-43AF-BE1B-684A3DF70C62}.Debug|x86.Build.0 = Debug|Any CPU
		{9F1CB6C4-172C-43AF-BE1B-684A3DF70C62}.Release|Any CPU.ActiveCfg = Release|Any CPU
		{9F1CB6C4-172C-43AF-BE1B-684A3DF70C62}.Release|Any CPU.Build.0 = Release|Any CPU
		{9F1CB6C4-172C-43AF-BE1B-684A3DF70C62}.Release|x64.ActiveCfg = Release|Any CPU
		{9F1CB6C4-172C-43AF-BE1B-684A3DF70C62}.Release|x64.Build.0 = Release|Any CPU
		{9F1CB6C4-172C-43AF-BE1B-684A3DF70C62}.Release|x86.ActiveCfg = Release|Any CPU
		{9F1CB6C4-172C-43AF-BE1B-684A3DF70C62}.Release|x86.Build.0 = Release|Any CPU
		{7DCF33D1-BC97-4911-9C65-CB792F610A5C}.Debug|Any CPU.ActiveCfg = Debug|Any CPU
		{7DCF33D1-BC97-4911-9C65-CB792F610A5C}.Debug|Any CPU.Build.0 = Debug|Any CPU
		{7DCF33D1-BC97-4911-9C65-CB792F610A5C}.Debug|x64.ActiveCfg = Debug|Any CPU
		{7DCF33D1-BC97-4911-9C65-CB792F610A5C}.Debug|x64.Build.0 = Debug|Any CPU
		{7DCF33D1-BC97-4911-9C65-CB792F610A5C}.Debug|x86.ActiveCfg = Debug|Any CPU
		{7DCF33D1-BC97-4911-9C65-CB792F610A5C}.Debug|x86.Build.0 = Debug|Any CPU
		{7DCF33D1-BC97-4911-9C65-CB792F610A5C}.Release|Any CPU.ActiveCfg = Release|Any CPU
		{7DCF33D1-BC97-4911-9C65-CB792F610A5C}.Release|Any CPU.Build.0 = Release|Any CPU
		{7DCF33D1-BC97-4911-9C65-CB792F610A5C}.Release|x64.ActiveCfg = Release|Any CPU
		{7DCF33D1-BC97-4911-9C65-CB792F610A5C}.Release|x64.Build.0 = Release|Any CPU
		{7DCF33D1-BC97-4911-9C65-CB792F610A5C}.Release|x86.ActiveCfg = Release|Any CPU
		{7DCF33D1-BC97-4911-9C65-CB792F610A5C}.Release|x86.Build.0 = Release|Any CPU
		{7E373864-73F7-4CC7-AC3A-5515EFEEA662}.Debug|Any CPU.ActiveCfg = Debug|Any CPU
		{7E373864-73F7-4CC7-AC3A-5515EFEEA662}.Debug|Any CPU.Build.0 = Debug|Any CPU
		{7E373864-73F7-4CC7-AC3A-5515EFEEA662}.Debug|x64.ActiveCfg = Debug|Any CPU
		{7E373864-73F7-4CC7-AC3A-5515EFEEA662}.Debug|x64.Build.0 = Debug|Any CPU
		{7E373864-73F7-4CC7-AC3A-5515EFEEA662}.Debug|x86.ActiveCfg = Debug|Any CPU
		{7E373864-73F7-4CC7-AC3A-5515EFEEA662}.Debug|x86.Build.0 = Debug|Any CPU
		{7E373864-73F7-4CC7-AC3A-5515EFEEA662}.Release|Any CPU.ActiveCfg = Release|Any CPU
		{7E373864-73F7-4CC7-AC3A-5515EFEEA662}.Release|Any CPU.Build.0 = Release|Any CPU
		{7E373864-73F7-4CC7-AC3A-5515EFEEA662}.Release|x64.ActiveCfg = Release|Any CPU
		{7E373864-73F7-4CC7-AC3A-5515EFEEA662}.Release|x64.Build.0 = Release|Any CPU
		{7E373864-73F7-4CC7-AC3A-5515EFEEA662}.Release|x86.ActiveCfg = Release|Any CPU
		{7E373864-73F7-4CC7-AC3A-5515EFEEA662}.Release|x86.Build.0 = Release|Any CPU
		{46D0DF7D-A8EE-478D-91BC-DD2FAD77C167}.Debug|Any CPU.ActiveCfg = Debug|Any CPU
		{46D0DF7D-A8EE-478D-91BC-DD2FAD77C167}.Debug|Any CPU.Build.0 = Debug|Any CPU
		{46D0DF7D-A8EE-478D-91BC-DD2FAD77C167}.Debug|x64.ActiveCfg = Debug|Any CPU
		{46D0DF7D-A8EE-478D-91BC-DD2FAD77C167}.Debug|x64.Build.0 = Debug|Any CPU
		{46D0DF7D-A8EE-478D-91BC-DD2FAD77C167}.Debug|x86.ActiveCfg = Debug|Any CPU
		{46D0DF7D-A8EE-478D-91BC-DD2FAD77C167}.Debug|x86.Build.0 = Debug|Any CPU
		{46D0DF7D-A8EE-478D-91BC-DD2FAD77C167}.Release|Any CPU.ActiveCfg = Release|Any CPU
		{46D0DF7D-A8EE-478D-91BC-DD2FAD77C167}.Release|Any CPU.Build.0 = Release|Any CPU
		{46D0DF7D-A8EE-478D-91BC-DD2FAD77C167}.Release|x64.ActiveCfg = Release|Any CPU
		{46D0DF7D-A8EE-478D-91BC-DD2FAD77C167}.Release|x64.Build.0 = Release|Any CPU
		{46D0DF7D-A8EE-478D-91BC-DD2FAD77C167}.Release|x86.ActiveCfg = Release|Any CPU
		{46D0DF7D-A8EE-478D-91BC-DD2FAD77C167}.Release|x86.Build.0 = Release|Any CPU
	EndGlobalSection
	GlobalSection(SolutionProperties) = preSolution
		HideSolutionNode = FALSE
	EndGlobalSection
	GlobalSection(NestedProjects) = preSolution
		{DC323F7C-1BDE-4C26-BBE5-A0AD1914BF99} = {827E0CD3-B72D-47B6-A68D-7590B98EB39B}
		{F4EFB666-B8D9-41E2-8286-3AA0059D393F} = {827E0CD3-B72D-47B6-A68D-7590B98EB39B}
		{BF73D8E6-5BCD-4500-BF94-AC92B46DF1E1} = {827E0CD3-B72D-47B6-A68D-7590B98EB39B}
		{9F1CB6C4-172C-43AF-BE1B-684A3DF70C62} = {827E0CD3-B72D-47B6-A68D-7590B98EB39B}
		{7DCF33D1-BC97-4911-9C65-CB792F610A5C} = {827E0CD3-B72D-47B6-A68D-7590B98EB39B}
		{7E373864-73F7-4CC7-AC3A-5515EFEEA662} = {827E0CD3-B72D-47B6-A68D-7590B98EB39B}
		{46D0DF7D-A8EE-478D-91BC-DD2FAD77C167} = {827E0CD3-B72D-47B6-A68D-7590B98EB39B}
	EndGlobalSection
EndGlobal
